
Microsoft Visual Studio Solution File, Format Version 12.00
# Visual Studio Version 17
VisualStudioVersion = 17.2.32505.173
MinimumVisualStudioVersion = 10.0.40219.1
Project("{FAE04EC0-301F-11D3-BF4B-00C04F79EFBC}") = "ServiceHostDemo", "ServiceHostDemo\ServiceHostDemo.csproj", "{C429C4D7-F496-4E13-B078-6EF8CC7C5E95}"
EndProject
Project("{FAE04EC0-301F-11D3-BF4B-00C04F79EFBC}") = "Beisen.Quark.App", "..\Beisen.Quark.App\Beisen.Quark.App.csproj", "{D0E4C064-1EC2-4AE2-BCAB-75B593962100}"
EndProject
Global
	GlobalSection(SolutionConfigurationPlatforms) = preSolution
		Debug|Any CPU = Debug|Any CPU
		Release|Any CPU = Release|Any CPU
	EndGlobalSection
	GlobalSection(ProjectConfigurationPlatforms) = postSolution
		{C429C4D7-F496-4E13-B078-6EF8CC7C5E95}.Debug|Any CPU.ActiveCfg = Debug|Any CPU
		{C429C4D7-F496-4E13-B078-6EF8CC7C5E95}.Debug|Any CPU.Build.0 = Debug|Any CPU
		{C429C4D7-F496-4E13-B078-6EF8CC7C5E95}.Release|Any CPU.ActiveCfg = Release|Any CPU
		{C429C4D7-F496-4E13-B078-6EF8CC7C5E95}.Release|Any CPU.Build.0 = Release|Any CPU
		{D0E4C064-1EC2-4AE2-BCAB-75B593962100}.Debug|Any CPU.ActiveCfg = Debug|Any CPU
		{D0E4C064-1EC2-4AE2-BCAB-75B593962100}.Debug|Any CPU.Build.0 = Debug|Any CPU
		{D0E4C064-1EC2-4AE2-BCAB-75B593962100}.Release|Any CPU.ActiveCfg = Release|Any CPU
		{D0E4C064-1EC2-4AE2-BCAB-75B593962100}.Release|Any CPU.Build.0 = Release|Any CPU
	EndGlobalSection
	GlobalSection(SolutionProperties) = preSolution
		HideSolutionNode = FALSE
	EndGlobalSection
	GlobalSection(ExtensibilityGlobals) = postSolution
		SolutionGuid = {87494A9C-C7AB-49BD-AE94-0DD394856986}
	EndGlobalSection
EndGlobal
